
Microsoft Visual Studio Solution File, Format Version 12.00
# Visual Studio Version 17
VisualStudioVersion = 17.13.35919.96 d17.13
MinimumVisualStudioVersion = 10.0.40219.1
Project("{FAE04EC0-301F-11D3-BF4B-00C04F79EFBC}") = "RequiredProperty", "RequiredProperty\RequiredProperty.csproj", "{D8F14BE8-3081-43AA-8D0F-DD5A31CB0045}"
EndProject
Global
	GlobalSection(SolutionConfigurationPlatforms) = preSolution
		Debug|Any CPU = Debug|Any CPU
		Release|Any CPU = Release|Any CPU
	EndGlobalSection
	GlobalSection(ProjectConfigurationPlatforms) = postSolution
		{D8F14BE8-3081-43AA-8D0F-DD5A31CB0045}.Debug|Any CPU.ActiveCfg = Debug|Any CPU
		{D8F14BE8-3081-43AA-8D0F-DD5A31CB0045}.Debug|Any CPU.Build.0 = Debug|Any CPU
		{D8F14BE8-3081-43AA-8D0F-DD5A31CB0045}.Release|Any CPU.ActiveCfg = Release|Any CPU
		{D8F14BE8-3081-43AA-8D0F-DD5A31CB0045}.Release|Any CPU.Build.0 = Release|Any CPU
	EndGlobalSection
	GlobalSection(SolutionProperties) = preSolution
		HideSolutionNode = FALSE
	EndGlobalSection
	GlobalSection(ExtensibilityGlobals) = postSolution
		SolutionGuid = {85E37879-4F92-494E-B5C4-C6EFDE883709}
	EndGlobalSection
EndGlobal
